
Microsoft Visual Studio Solution File, Format Version 12.00
# Visual Studio 15
VisualStudioVersion = 15.0.28307.1062
MinimumVisualStudioVersion = 10.0.40219.1
Project("{8BC9CEB8-8B4A-11D0-8D11-00A0C91BC942}") = "assignment2", "assignment2\assignment2.vcxproj", "{71310709-3469-41A8-A03A-03E8CF568DF0}"
EndProject
Global
	GlobalSection(SolutionConfigurationPlatforms) = preSolution
		Debug|x64 = Debug|x64
		Debug|x86 = Debug|x86
		Release|x64 = Release|x64
		Release|x86 = Release|x86
	EndGlobalSection
	GlobalSection(ProjectConfigurationPlatforms) = postSolution
		{71310709-3469-41A8-A03A-03E8CF568DF0}.Debug|x64.ActiveCfg = Debug|x64
		{71310709-3469-41A8-A03A-03E8CF568DF0}.Debug|x64.Build.0 = Debug|x64
		{71310709-3469-41A8-A03A-03E8CF568DF0}.Debug|x86.ActiveCfg = Debug|Win32
		{71310709-3469-41A8-A03A-03E8CF568DF0}.Debug|x86.Build.0 = Debug|Win32
		{71310709-3469-41A8-A03A-03E8CF568DF0}.Release|x64.ActiveCfg = Release|x64
		{71310709-3469-41A8-A03A-03E8CF568DF0}.Release|x64.Build.0 = Release|x64
		{71310709-3469-41A8-A03A-03E8CF568DF0}.Release|x86.ActiveCfg = Release|Win32
		{71310709-3469-41A8-A03A-03E8CF568DF0}.Release|x86.Build.0 = Release|Win32
	EndGlobalSection
	GlobalSection(SolutionProperties) = preSolution
		HideSolutionNode = FALSE
	EndGlobalSection
	GlobalSection(ExtensibilityGlobals) = postSolution
		SolutionGuid = {38B2FC6D-9CF6-464B-9E57-F2141DADE0CF}
	EndGlobalSection
EndGlobal
